
Microsoft Visual Studio Solution File, Format Version 12.00
# Visual Studio Version 17
VisualStudioVersion = 17.8.34330.188
MinimumVisualStudioVersion = 10.0.40219.1
Project("{2150E333-8FDC-42A3-9474-1A3956D46DE8}") = "FrontEnd", "FrontEnd", "{CA42C90D-4312-4A65-82A1-366F63C841CF}"
EndProject
Project("{2150E333-8FDC-42A3-9474-1A3956D46DE8}") = "Gateway", "Gateway", "{4DD9CE04-184E-4BC8-B920-26D773458E1E}"
EndProject
Project("{2150E333-8FDC-42A3-9474-1A3956D46DE8}") = "Integration", "Integration", "{FF871352-6F47-42B6-8F15-170B42BFEA2A}"
EndProject
Project("{2150E333-8FDC-42A3-9474-1A3956D46DE8}") = "Services", "Services", "{756C61F8-76D1-4E94-8C13-344151A7CCB1}"
EndProject
Project("{9A19103F-16F7-4668-BE54-9A1E7A4F7556}") = "Mango.Services.CouponAPI", "Mango.Services.CouponAPI\Mango.Services.CouponAPI.csproj", "{0F15DC78-D5B8-465F-B730-A3DDC0AC142A}"
EndProject
Project("{9A19103F-16F7-4668-BE54-9A1E7A4F7556}") = "Mango.Web", "Mango.Web\Mango.Web.csproj", "{354BC672-DFCA-4142-9CEF-5813F38D45F0}"
EndProject
Project("{9A19103F-16F7-4668-BE54-9A1E7A4F7556}") = "Mango.Services.AuthAPI", "Mango.Services.AuthAPI\Mango.Services.AuthAPI.csproj", "{438D746E-697C-49F8-9E9D-E8946A1D8193}"
EndProject
Project("{9A19103F-16F7-4668-BE54-9A1E7A4F7556}") = "Mango.Services.ProductAPI", "Mango.Services.ProductAPI\Mango.Services.ProductAPI.csproj", "{BA2D8717-2EA4-4A3F-B7E4-1D429F823A75}"
EndProject
Project("{9A19103F-16F7-4668-BE54-9A1E7A4F7556}") = "Mango.Services.ShoppingCartAPI", "Mango.Services.ShoppingCartAPI\Mango.Services.ShoppingCartAPI.csproj", "{A24825F9-BC1A-4167-8E63-4FEC5462E05D}"
EndProject
Project("{FAE04EC0-301F-11D3-BF4B-00C04F79EFBC}") = "Mango.MessageBus", "Mango.MessageBus\Mango.MessageBus.csproj", "{9B2CEA12-18B3-4125-BD60-374724C2148A}"
EndProject
Project("{FAE04EC0-301F-11D3-BF4B-00C04F79EFBC}") = "Mango.Services.EmailAPI", "Mango.Services.EmailAPI\Mango.Services.EmailAPI.csproj", "{C6FDE9CF-606A-45FD-A8DC-E3B691C8CC33}"
EndProject
Global
	GlobalSection(SolutionConfigurationPlatforms) = preSolution
		Debug|Any CPU = Debug|Any CPU
		Release|Any CPU = Release|Any CPU
	EndGlobalSection
	GlobalSection(ProjectConfigurationPlatforms) = postSolution
		{0F15DC78-D5B8-465F-B730-A3DDC0AC142A}.Debug|Any CPU.ActiveCfg = Debug|Any CPU
		{0F15DC78-D5B8-465F-B730-A3DDC0AC142A}.Debug|Any CPU.Build.0 = Debug|Any CPU
		{0F15DC78-D5B8-465F-B730-A3DDC0AC142A}.Release|Any CPU.ActiveCfg = Release|Any CPU
		{0F15DC78-D5B8-465F-B730-A3DDC0AC142A}.Release|Any CPU.Build.0 = Release|Any CPU
		{354BC672-DFCA-4142-9CEF-5813F38D45F0}.Debug|Any CPU.ActiveCfg = Debug|Any CPU
		{354BC672-DFCA-4142-9CEF-5813F38D45F0}.Debug|Any CPU.Build.0 = Debug|Any CPU
		{354BC672-DFCA-4142-9CEF-5813F38D45F0}.Release|Any CPU.ActiveCfg = Release|Any CPU
		{354BC672-DFCA-4142-9CEF-5813F38D45F0}.Release|Any CPU.Build.0 = Release|Any CPU
		{438D746E-697C-49F8-9E9D-E8946A1D8193}.Debug|Any CPU.ActiveCfg = Debug|Any CPU
		{438D746E-697C-49F8-9E9D-E8946A1D8193}.Debug|Any CPU.Build.0 = Debug|Any CPU
		{438D746E-697C-49F8-9E9D-E8946A1D8193}.Release|Any CPU.ActiveCfg = Release|Any CPU
		{438D746E-697C-49F8-9E9D-E8946A1D8193}.Release|Any CPU.Build.0 = Release|Any CPU
		{BA2D8717-2EA4-4A3F-B7E4-1D429F823A75}.Debug|Any CPU.ActiveCfg = Debug|Any CPU
		{BA2D8717-2EA4-4A3F-B7E4-1D429F823A75}.Debug|Any CPU.Build.0 = Debug|Any CPU
		{BA2D8717-2EA4-4A3F-B7E4-1D429F823A75}.Release|Any CPU.ActiveCfg = Release|Any CPU
		{BA2D8717-2EA4-4A3F-B7E4-1D429F823A75}.Release|Any CPU.Build.0 = Release|Any CPU
		{A24825F9-BC1A-4167-8E63-4FEC5462E05D}.Debug|Any CPU.ActiveCfg = Debug|Any CPU
		{A24825F9-BC1A-4167-8E63-4FEC5462E05D}.Debug|Any CPU.Build.0 = Debug|Any CPU
		{A24825F9-BC1A-4167-8E63-4FEC5462E05D}.Release|Any CPU.ActiveCfg = Release|Any CPU
		{A24825F9-BC1A-4167-8E63-4FEC5462E05D}.Release|Any CPU.Build.0 = Release|Any CPU
		{9B2CEA12-18B3-4125-BD60-374724C2148A}.Debug|Any CPU.ActiveCfg = Debug|Any CPU
		{9B2CEA12-18B3-4125-BD60-374724C2148A}.Debug|Any CPU.Build.0 = Debug|Any CPU
		{9B2CEA12-18B3-4125-BD60-374724C2148A}.Release|Any CPU.ActiveCfg = Release|Any CPU
		{9B2CEA12-18B3-4125-BD60-374724C2148A}.Release|Any CPU.Build.0 = Release|Any CPU
		{C6FDE9CF-606A-45FD-A8DC-E3B691C8CC33}.Debug|Any CPU.ActiveCfg = Debug|Any CPU
		{C6FDE9CF-606A-45FD-A8DC-E3B691C8CC33}.Debug|Any CPU.Build.0 = Debug|Any CPU
		{C6FDE9CF-606A-45FD-A8DC-E3B691C8CC33}.Release|Any CPU.ActiveCfg = Release|Any CPU
		{C6FDE9CF-606A-45FD-A8DC-E3B691C8CC33}.Release|Any CPU.Build.0 = Release|Any CPU
	EndGlobalSection
	GlobalSection(SolutionProperties) = preSolution
		HideSolutionNode = FALSE
	EndGlobalSection
	GlobalSection(NestedProjects) = preSolution
		{0F15DC78-D5B8-465F-B730-A3DDC0AC142A} = {756C61F8-76D1-4E94-8C13-344151A7CCB1}
		{354BC672-DFCA-4142-9CEF-5813F38D45F0} = {CA42C90D-4312-4A65-82A1-366F63C841CF}
		{438D746E-697C-49F8-9E9D-E8946A1D8193} = {756C61F8-76D1-4E94-8C13-344151A7CCB1}
		{BA2D8717-2EA4-4A3F-B7E4-1D429F823A75} = {756C61F8-76D1-4E94-8C13-344151A7CCB1}
		{A24825F9-BC1A-4167-8E63-4FEC5462E05D} = {756C61F8-76D1-4E94-8C13-344151A7CCB1}
		{9B2CEA12-18B3-4125-BD60-374724C2148A} = {FF871352-6F47-42B6-8F15-170B42BFEA2A}
		{C6FDE9CF-606A-45FD-A8DC-E3B691C8CC33} = {756C61F8-76D1-4E94-8C13-344151A7CCB1}
	EndGlobalSection
	GlobalSection(ExtensibilityGlobals) = postSolution
		SolutionGuid = {03FAC245-13F3-4D8F-AF46-A34BE7342C0D}
	EndGlobalSection
EndGlobal
